
Microsoft Visual Studio Solution File, Format Version 12.00
# Visual Studio Version 16
VisualStudioVersion = 16.0.28917.181
MinimumVisualStudioVersion = 15.0.26124.0
Project("{9A19103F-16F7-4668-BE54-9A1E7A4F7556}") = "InMemoryLogger", "src\InMemoryLogger.csproj", "{BCE59160-ECC3-4F06-A0D0-DDF7E611FAED}"
EndProject
Project("{9A19103F-16F7-4668-BE54-9A1E7A4F7556}") = "InMemoryLogger.Tests", "tests\InMemoryLogger.Tests.csproj", "{76364AFD-058C-4FE7-B707-8422EE8DC582}"
EndProject
Project("{2150E333-8FDC-42A3-9474-1A3956D46DE8}") = "Solution Items", "Solution Items", "{DAB8CFC0-4435-4DC9-8F49-0369D553C59B}"
	ProjectSection(SolutionItems) = preProject
		.editorconfig = .editorconfig
		azure-pipelines.yml = azure-pipelines.yml
	EndProjectSection
EndProject
Global
	GlobalSection(SolutionConfigurationPlatforms) = preSolution
		Debug|Any CPU = Debug|Any CPU
		Debug|x64 = Debug|x64
		Debug|x86 = Debug|x86
		Release|Any CPU = Release|Any CPU
		Release|x64 = Release|x64
		Release|x86 = Release|x86
	EndGlobalSection
	GlobalSection(ProjectConfigurationPlatforms) = postSolution
		{BCE59160-ECC3-4F06-A0D0-DDF7E611FAED}.Debug|Any CPU.ActiveCfg = Debug|Any CPU
		{BCE59160-ECC3-4F06-A0D0-DDF7E611FAED}.Debug|Any CPU.Build.0 = Debug|Any CPU
		{BCE59160-ECC3-4F06-A0D0-DDF7E611FAED}.Debug|x64.ActiveCfg = Debug|Any CPU
		{BCE59160-ECC3-4F06-A0D0-DDF7E611FAED}.Debug|x64.Build.0 = Debug|Any CPU
		{BCE59160-ECC3-4F06-A0D0-DDF7E611FAED}.Debug|x86.ActiveCfg = Debug|Any CPU
		{BCE59160-ECC3-4F06-A0D0-DDF7E611FAED}.Debug|x86.Build.0 = Debug|Any CPU
		{BCE59160-ECC3-4F06-A0D0-DDF7E611FAED}.Release|Any CPU.ActiveCfg = Release|Any CPU
		{BCE59160-ECC3-4F06-A0D0-DDF7E611FAED}.Release|Any CPU.Build.0 = Release|Any CPU
		{BCE59160-ECC3-4F06-A0D0-DDF7E611FAED}.Release|x64.ActiveCfg = Release|Any CPU
		{BCE59160-ECC3-4F06-A0D0-DDF7E611FAED}.Release|x64.Build.0 = Release|Any CPU
		{BCE59160-ECC3-4F06-A0D0-DDF7E611FAED}.Release|x86.ActiveCfg = Release|Any CPU
		{BCE59160-ECC3-4F06-A0D0-DDF7E611FAED}.Release|x86.Build.0 = Release|Any CPU
		{76364AFD-058C-4FE7-B707-8422EE8DC582}.Debug|Any CPU.ActiveCfg = Debug|Any CPU
		{76364AFD-058C-4FE7-B707-8422EE8DC582}.Debug|Any CPU.Build.0 = Debug|Any CPU
		{76364AFD-058C-4FE7-B707-8422EE8DC582}.Debug|x64.ActiveCfg = Debug|Any CPU
		{76364AFD-058C-4FE7-B707-8422EE8DC582}.Debug|x64.Build.0 = Debug|Any CPU
		{76364AFD-058C-4FE7-B707-8422EE8DC582}.Debug|x86.ActiveCfg = Debug|Any CPU
		{76364AFD-058C-4FE7-B707-8422EE8DC582}.Debug|x86.Build.0 = Debug|Any CPU
		{76364AFD-058C-4FE7-B707-8422EE8DC582}.Release|Any CPU.ActiveCfg = Release|Any CPU
		{76364AFD-058C-4FE7-B707-8422EE8DC582}.Release|Any CPU.Build.0 = Release|Any CPU
		{76364AFD-058C-4FE7-B707-8422EE8DC582}.Release|x64.ActiveCfg = Release|Any CPU
		{76364AFD-058C-4FE7-B707-8422EE8DC582}.Release|x64.Build.0 = Release|Any CPU
		{76364AFD-058C-4FE7-B707-8422EE8DC582}.Release|x86.ActiveCfg = Release|Any CPU
		{76364AFD-058C-4FE7-B707-8422EE8DC582}.Release|x86.Build.0 = Release|Any CPU
	EndGlobalSection
	GlobalSection(SolutionProperties) = preSolution
		HideSolutionNode = FALSE
	EndGlobalSection
	GlobalSection(ExtensibilityGlobals) = postSolution
		SolutionGuid = {33CD2850-9E0B-4520-A8B3-394F531C5ADC}
	EndGlobalSection
EndGlobal
